{
  "version": 4,
  "terraform_version": "0.13.3",
  "serial": 22,
  "lineage": "eea5bf80-cb3c-7284-44b2-7dfa9d17c29e",
  "outputs": {},
  "resources": [
    {
      "mode": "managed",
      "type": "azurerm_network_interface",
      "name": "hub-nic",
      "provider": "provider[\"registry.terraform.io/hashicorp/azurerm\"]",
      "instances": [
        {
          "schema_version": 0,
          "attributes": {
            "applied_dns_servers": [],
            "dns_servers": [],
            "enable_accelerated_networking": false,
            "enable_ip_forwarding": true,
            "id": "/subscriptions/26e1cfc4-443a-4b81-96ae-f915a736c065/resourceGroups/hub-vnet-rg/providers/Microsoft.Network/networkInterfaces/hub-nic",
            "internal_dns_name_label": "",
            "internal_domain_name_suffix": "2jbomvexmiiuzghohx5osdxjsa.gx.internal.cloudapp.net",
            "ip_configuration": [
              {
                "name": "hub",
                "primary": true,
                "private_ip_address": "10.0.0.68",
                "private_ip_address_allocation": "Dynamic",
                "private_ip_address_version": "IPv4",
                "public_ip_address_id": "",
                "subnet_id": "/subscriptions/26e1cfc4-443a-4b81-96ae-f915a736c065/resourceGroups/hub-vnet-rg/providers/Microsoft.Network/virtualNetworks/hub-vnet/subnets/mgmt"
              }
            ],
            "location": "centralus",
            "mac_address": "",
            "name": "hub-nic",
            "private_ip_address": "10.0.0.68",
            "private_ip_addresses": [
              "10.0.0.68"
            ],
            "resource_group_name": "hub-vnet-rg",
            "tags": {
              "environment": "hub"
            },
            "timeouts": null,
            "virtual_machine_id": ""
          },
          "private": "eyJlMmJmYjczMC1lY2FhLTExZTYtOGY4OC0zNDM2M2JjN2M0YzAiOnsiY3JlYXRlIjoxODAwMDAwMDAwMDAwLCJkZWxldGUiOjE4MDAwMDAwMDAwMDAsInJlYWQiOjMwMDAwMDAwMDAwMCwidXBkYXRlIjoxODAwMDAwMDAwMDAwfX0=",
          "dependencies": [
            "azurerm_resource_group.hub-vnet-rg",
            "azurerm_subnet.hub-mgmt",
            "azurerm_virtual_network.hub-vnet"
          ]
        }
      ]
    },
    {
      "mode": "managed",
      "type": "azurerm_network_interface",
      "name": "onprem-nic",
      "provider": "provider[\"registry.terraform.io/hashicorp/azurerm\"]",
      "instances": [
        {
          "schema_version": 0,
          "attributes": {
            "applied_dns_servers": [],
            "dns_servers": [],
            "enable_accelerated_networking": false,
            "enable_ip_forwarding": true,
            "id": "/subscriptions/26e1cfc4-443a-4b81-96ae-f915a736c065/resourceGroups/onprem-vnet-rg/providers/Microsoft.Network/networkInterfaces/onprem-nic",
            "internal_dns_name_label": "",
            "internal_domain_name_suffix": "dxequtjoadfupecznz0x4q2bzf.jx.internal.cloudapp.net",
            "ip_configuration": [
              {
                "name": "onprem",
                "primary": true,
                "private_ip_address": "192.168.1.132",
                "private_ip_address_allocation": "Dynamic",
                "private_ip_address_version": "IPv4",
                "public_ip_address_id": "/subscriptions/26e1cfc4-443a-4b81-96ae-f915a736c065/resourceGroups/onprem-vnet-rg/providers/Microsoft.Network/publicIPAddresses/onprem-pip",
                "subnet_id": "/subscriptions/26e1cfc4-443a-4b81-96ae-f915a736c065/resourceGroups/onprem-vnet-rg/providers/Microsoft.Network/virtualNetworks/onprem-vnet/subnets/mgmt"
              }
            ],
            "location": "southcentralus",
            "mac_address": "00-0D-3A-75-58-CA",
            "name": "onprem-nic",
            "private_ip_address": "192.168.1.132",
            "private_ip_addresses": [
              "192.168.1.132"
            ],
            "resource_group_name": "onprem-vnet-rg",
            "tags": {},
            "timeouts": null,
            "virtual_machine_id": "/subscriptions/26e1cfc4-443a-4b81-96ae-f915a736c065/resourceGroups/onprem-vnet-rg/providers/Microsoft.Compute/virtualMachines/onprem-vm"
          },
          "private": "eyJlMmJmYjczMC1lY2FhLTExZTYtOGY4OC0zNDM2M2JjN2M0YzAiOnsiY3JlYXRlIjoxODAwMDAwMDAwMDAwLCJkZWxldGUiOjE4MDAwMDAwMDAwMDAsInJlYWQiOjMwMDAwMDAwMDAwMCwidXBkYXRlIjoxODAwMDAwMDAwMDAwfX0=",
          "dependencies": [
            "azurerm_public_ip.onprem-pip",
            "azurerm_resource_group.onprem-vnet-rg",
            "azurerm_subnet.onprem-mgmt",
            "azurerm_virtual_network.onprem-vnet"
          ]
        }
      ]
    },
    {
      "mode": "managed",
      "type": "azurerm_network_security_group",
      "name": "onprem-nsg",
      "provider": "provider[\"registry.terraform.io/hashicorp/azurerm\"]",
      "instances": [
        {
          "schema_version": 0,
          "attributes": {
            "id": "/subscriptions/26e1cfc4-443a-4b81-96ae-f915a736c065/resourceGroups/onprem-vnet-rg/providers/Microsoft.Network/networkSecurityGroups/onprem-nsg",
            "location": "southcentralus",
            "name": "onprem-nsg",
            "resource_group_name": "onprem-vnet-rg",
            "security_rule": [
              {
                "access": "Allow",
                "description": "",
                "destination_address_prefix": "*",
                "destination_address_prefixes": [],
                "destination_application_security_group_ids": [],
                "destination_port_range": "22",
                "destination_port_ranges": [],
                "direction": "Inbound",
                "name": "SSH",
                "priority": 1001,
                "protocol": "Tcp",
                "source_address_prefix": "*",
                "source_address_prefixes": [],
                "source_application_security_group_ids": [],
                "source_port_range": "*",
                "source_port_ranges": []
              }
            ],
            "tags": {
              "environment": "onprem"
            },
            "timeouts": null
          },
          "private": "eyJlMmJmYjczMC1lY2FhLTExZTYtOGY4OC0zNDM2M2JjN2M0YzAiOnsiY3JlYXRlIjoxODAwMDAwMDAwMDAwLCJkZWxldGUiOjE4MDAwMDAwMDAwMDAsInJlYWQiOjMwMDAwMDAwMDAwMCwidXBkYXRlIjoxODAwMDAwMDAwMDAwfX0=",
          "dependencies": [
            "azurerm_resource_group.onprem-vnet-rg"
          ]
        }
      ]
    },
    {
      "mode": "managed",
      "type": "azurerm_public_ip",
      "name": "hub-vpn-gateway1-pip",
      "provider": "provider[\"registry.terraform.io/hashicorp/azurerm\"]",
      "instances": [
        {
          "schema_version": 0,
          "attributes": {
            "allocation_method": "Dynamic",
            "domain_name_label": null,
            "fqdn": null,
            "id": "/subscriptions/26e1cfc4-443a-4b81-96ae-f915a736c065/resourceGroups/hub-vnet-rg/providers/Microsoft.Network/publicIPAddresses/hub-vpn-gateway1-pip",
            "idle_timeout_in_minutes": 4,
            "ip_address": "",
            "ip_version": "IPv4",
            "location": "centralus",
            "name": "hub-vpn-gateway1-pip",
            "public_ip_prefix_id": null,
            "resource_group_name": "hub-vnet-rg",
            "reverse_fqdn": null,
            "sku": "Basic",
            "tags": null,
            "timeouts": null,
            "zones": null
          },
          "private": "eyJlMmJmYjczMC1lY2FhLTExZTYtOGY4OC0zNDM2M2JjN2M0YzAiOnsiY3JlYXRlIjoxODAwMDAwMDAwMDAwLCJkZWxldGUiOjE4MDAwMDAwMDAwMDAsInJlYWQiOjMwMDAwMDAwMDAwMCwidXBkYXRlIjoxODAwMDAwMDAwMDAwfX0=",
          "dependencies": [
            "azurerm_resource_group.hub-vnet-rg"
          ]
        }
      ]
    },
    {
      "mode": "managed",
      "type": "azurerm_public_ip",
      "name": "onprem-pip",
      "provider": "provider[\"registry.terraform.io/hashicorp/azurerm\"]",
      "instances": [
        {
          "schema_version": 0,
          "attributes": {
            "allocation_method": "Dynamic",
            "domain_name_label": null,
            "fqdn": null,
            "id": "/subscriptions/26e1cfc4-443a-4b81-96ae-f915a736c065/resourceGroups/onprem-vnet-rg/providers/Microsoft.Network/publicIPAddresses/onprem-pip",
            "idle_timeout_in_minutes": 4,
            "ip_address": "40.84.214.134",
            "ip_version": "IPv4",
            "location": "southcentralus",
            "name": "onprem-pip",
            "public_ip_prefix_id": null,
            "resource_group_name": "onprem-vnet-rg",
            "reverse_fqdn": null,
            "sku": "Basic",
            "tags": {
              "environment": "onprem"
            },
            "timeouts": null,
            "zones": []
          },
          "private": "eyJlMmJmYjczMC1lY2FhLTExZTYtOGY4OC0zNDM2M2JjN2M0YzAiOnsiY3JlYXRlIjoxODAwMDAwMDAwMDAwLCJkZWxldGUiOjE4MDAwMDAwMDAwMDAsInJlYWQiOjMwMDAwMDAwMDAwMCwidXBkYXRlIjoxODAwMDAwMDAwMDAwfX0=",
          "dependencies": [
            "azurerm_resource_group.onprem-vnet-rg"
          ]
        }
      ]
    },
    {
      "mode": "managed",
      "type": "azurerm_public_ip",
      "name": "onprem-vpn-gateway1-pip",
      "provider": "provider[\"registry.terraform.io/hashicorp/azurerm\"]",
      "instances": [
        {
          "schema_version": 0,
          "attributes": {
            "allocation_method": "Dynamic",
            "domain_name_label": null,
            "fqdn": null,
            "id": "/subscriptions/26e1cfc4-443a-4b81-96ae-f915a736c065/resourceGroups/onprem-vnet-rg/providers/Microsoft.Network/publicIPAddresses/onprem-vpn-gateway1-pip",
            "idle_timeout_in_minutes": 4,
            "ip_address": "40.124.24.141",
            "ip_version": "IPv4",
            "location": "southcentralus",
            "name": "onprem-vpn-gateway1-pip",
            "public_ip_prefix_id": null,
            "resource_group_name": "onprem-vnet-rg",
            "reverse_fqdn": null,
            "sku": "Basic",
            "tags": {},
            "timeouts": null,
            "zones": []
          },
          "private": "eyJlMmJmYjczMC1lY2FhLTExZTYtOGY4OC0zNDM2M2JjN2M0YzAiOnsiY3JlYXRlIjoxODAwMDAwMDAwMDAwLCJkZWxldGUiOjE4MDAwMDAwMDAwMDAsInJlYWQiOjMwMDAwMDAwMDAwMCwidXBkYXRlIjoxODAwMDAwMDAwMDAwfX0=",
          "dependencies": [
            "azurerm_resource_group.onprem-vnet-rg"
          ]
        }
      ]
    },
    {
      "mode": "managed",
      "type": "azurerm_resource_group",
      "name": "hub-vnet-rg",
      "provider": "provider[\"registry.terraform.io/hashicorp/azurerm\"]",
      "instances": [
        {
          "schema_version": 0,
          "attributes": {
            "id": "/subscriptions/26e1cfc4-443a-4b81-96ae-f915a736c065/resourceGroups/hub-vnet-rg",
            "location": "centralus",
            "name": "hub-vnet-rg",
            "tags": null,
            "timeouts": null
          },
          "private": "eyJlMmJmYjczMC1lY2FhLTExZTYtOGY4OC0zNDM2M2JjN2M0YzAiOnsiY3JlYXRlIjo1NDAwMDAwMDAwMDAwLCJkZWxldGUiOjU0MDAwMDAwMDAwMDAsInJlYWQiOjMwMDAwMDAwMDAwMCwidXBkYXRlIjo1NDAwMDAwMDAwMDAwfX0="
        }
      ]
    },
    {
      "mode": "managed",
      "type": "azurerm_resource_group",
      "name": "onprem-vnet-rg",
      "provider": "provider[\"registry.terraform.io/hashicorp/azurerm\"]",
      "instances": [
        {
          "schema_version": 0,
          "attributes": {
            "id": "/subscriptions/26e1cfc4-443a-4b81-96ae-f915a736c065/resourceGroups/onprem-vnet-rg",
            "location": "southcentralus",
            "name": "onprem-vnet-rg",
            "tags": {},
            "timeouts": null
          },
          "private": "eyJlMmJmYjczMC1lY2FhLTExZTYtOGY4OC0zNDM2M2JjN2M0YzAiOnsiY3JlYXRlIjo1NDAwMDAwMDAwMDAwLCJkZWxldGUiOjU0MDAwMDAwMDAwMDAsInJlYWQiOjMwMDAwMDAwMDAwMCwidXBkYXRlIjo1NDAwMDAwMDAwMDAwfX0="
        }
      ]
    },
    {
      "mode": "managed",
      "type": "azurerm_subnet",
      "name": "hub-dmz",
      "provider": "provider[\"registry.terraform.io/hashicorp/azurerm\"]",
      "instances": [
        {
          "schema_version": 0,
          "attributes": {
            "address_prefix": "10.0.0.32/27",
            "address_prefixes": [
              "10.0.0.32/27"
            ],
            "delegation": [],
            "enforce_private_link_endpoint_network_policies": false,
            "enforce_private_link_service_network_policies": false,
            "id": "/subscriptions/26e1cfc4-443a-4b81-96ae-f915a736c065/resourceGroups/hub-vnet-rg/providers/Microsoft.Network/virtualNetworks/hub-vnet/subnets/dmz",
            "name": "dmz",
            "resource_group_name": "hub-vnet-rg",
            "service_endpoints": null,
            "timeouts": null,
            "virtual_network_name": "hub-vnet"
          },
          "private": "eyJlMmJmYjczMC1lY2FhLTExZTYtOGY4OC0zNDM2M2JjN2M0YzAiOnsiY3JlYXRlIjoxODAwMDAwMDAwMDAwLCJkZWxldGUiOjE4MDAwMDAwMDAwMDAsInJlYWQiOjMwMDAwMDAwMDAwMCwidXBkYXRlIjoxODAwMDAwMDAwMDAwfX0=",
          "dependencies": [
            "azurerm_resource_group.hub-vnet-rg",
            "azurerm_virtual_network.hub-vnet"
          ]
        }
      ]
    },
    {
      "mode": "managed",
      "type": "azurerm_subnet",
      "name": "hub-gateway-subnet",
      "provider": "provider[\"registry.terraform.io/hashicorp/azurerm\"]",
      "instances": [
        {
          "schema_version": 0,
          "attributes": {
            "address_prefix": "10.0.255.224/27",
            "address_prefixes": [
              "10.0.255.224/27"
            ],
            "delegation": [],
            "enforce_private_link_endpoint_network_policies": false,
            "enforce_private_link_service_network_policies": false,
            "id": "/subscriptions/26e1cfc4-443a-4b81-96ae-f915a736c065/resourceGroups/hub-vnet-rg/providers/Microsoft.Network/virtualNetworks/hub-vnet/subnets/GatewaySubnet",
            "name": "GatewaySubnet",
            "resource_group_name": "hub-vnet-rg",
            "service_endpoints": null,
            "timeouts": null,
            "virtual_network_name": "hub-vnet"
          },
          "private": "eyJlMmJmYjczMC1lY2FhLTExZTYtOGY4OC0zNDM2M2JjN2M0YzAiOnsiY3JlYXRlIjoxODAwMDAwMDAwMDAwLCJkZWxldGUiOjE4MDAwMDAwMDAwMDAsInJlYWQiOjMwMDAwMDAwMDAwMCwidXBkYXRlIjoxODAwMDAwMDAwMDAwfX0=",
          "dependencies": [
            "azurerm_resource_group.hub-vnet-rg",
            "azurerm_virtual_network.hub-vnet"
          ]
        }
      ]
    },
    {
      "mode": "managed",
      "type": "azurerm_subnet",
      "name": "hub-mgmt",
      "provider": "provider[\"registry.terraform.io/hashicorp/azurerm\"]",
      "instances": [
        {
          "schema_version": 0,
          "attributes": {
            "address_prefix": "10.0.0.64/27",
            "address_prefixes": [
              "10.0.0.64/27"
            ],
            "delegation": [],
            "enforce_private_link_endpoint_network_policies": false,
            "enforce_private_link_service_network_policies": false,
            "id": "/subscriptions/26e1cfc4-443a-4b81-96ae-f915a736c065/resourceGroups/hub-vnet-rg/providers/Microsoft.Network/virtualNetworks/hub-vnet/subnets/mgmt",
            "name": "mgmt",
            "resource_group_name": "hub-vnet-rg",
            "service_endpoints": null,
            "timeouts": null,
            "virtual_network_name": "hub-vnet"
          },
          "private": "eyJlMmJmYjczMC1lY2FhLTExZTYtOGY4OC0zNDM2M2JjN2M0YzAiOnsiY3JlYXRlIjoxODAwMDAwMDAwMDAwLCJkZWxldGUiOjE4MDAwMDAwMDAwMDAsInJlYWQiOjMwMDAwMDAwMDAwMCwidXBkYXRlIjoxODAwMDAwMDAwMDAwfX0=",
          "dependencies": [
            "azurerm_resource_group.hub-vnet-rg",
            "azurerm_virtual_network.hub-vnet"
          ]
        }
      ]
    },
    {
      "mode": "managed",
      "type": "azurerm_subnet",
      "name": "onprem-gateway-subnet",
      "provider": "provider[\"registry.terraform.io/hashicorp/azurerm\"]",
      "instances": [
        {
          "schema_version": 0,
          "attributes": {
            "address_prefix": "192.168.255.224/27",
            "address_prefixes": [
              "192.168.255.224/27"
            ],
            "delegation": [],
            "enforce_private_link_endpoint_network_policies": false,
            "enforce_private_link_service_network_policies": false,
            "id": "/subscriptions/26e1cfc4-443a-4b81-96ae-f915a736c065/resourceGroups/onprem-vnet-rg/providers/Microsoft.Network/virtualNetworks/onprem-vnet/subnets/GatewaySubnet",
            "name": "GatewaySubnet",
            "resource_group_name": "onprem-vnet-rg",
            "service_endpoints": [],
            "timeouts": null,
            "virtual_network_name": "onprem-vnet"
          },
          "private": "eyJlMmJmYjczMC1lY2FhLTExZTYtOGY4OC0zNDM2M2JjN2M0YzAiOnsiY3JlYXRlIjoxODAwMDAwMDAwMDAwLCJkZWxldGUiOjE4MDAwMDAwMDAwMDAsInJlYWQiOjMwMDAwMDAwMDAwMCwidXBkYXRlIjoxODAwMDAwMDAwMDAwfX0=",
          "dependencies": [
            "azurerm_resource_group.onprem-vnet-rg",
            "azurerm_virtual_network.onprem-vnet"
          ]
        }
      ]
    },
    {
      "mode": "managed",
      "type": "azurerm_subnet",
      "name": "onprem-mgmt",
      "provider": "provider[\"registry.terraform.io/hashicorp/azurerm\"]",
      "instances": [
        {
          "schema_version": 0,
          "attributes": {
            "address_prefix": "192.168.1.128/25",
            "address_prefixes": [
              "192.168.1.128/25"
            ],
            "delegation": [],
            "enforce_private_link_endpoint_network_policies": false,
            "enforce_private_link_service_network_policies": false,
            "id": "/subscriptions/26e1cfc4-443a-4b81-96ae-f915a736c065/resourceGroups/onprem-vnet-rg/providers/Microsoft.Network/virtualNetworks/onprem-vnet/subnets/mgmt",
            "name": "mgmt",
            "resource_group_name": "onprem-vnet-rg",
            "service_endpoints": [],
            "timeouts": null,
            "virtual_network_name": "onprem-vnet"
          },
          "private": "eyJlMmJmYjczMC1lY2FhLTExZTYtOGY4OC0zNDM2M2JjN2M0YzAiOnsiY3JlYXRlIjoxODAwMDAwMDAwMDAwLCJkZWxldGUiOjE4MDAwMDAwMDAwMDAsInJlYWQiOjMwMDAwMDAwMDAwMCwidXBkYXRlIjoxODAwMDAwMDAwMDAwfX0=",
          "dependencies": [
            "azurerm_resource_group.onprem-vnet-rg",
            "azurerm_virtual_network.onprem-vnet"
          ]
        }
      ]
    },
    {
      "mode": "managed",
      "type": "azurerm_subnet_network_security_group_association",
      "name": "mgmt-nsg-association",
      "provider": "provider[\"registry.terraform.io/hashicorp/azurerm\"]",
      "instances": [
        {
          "schema_version": 0,
          "attributes": {
            "id": "/subscriptions/26e1cfc4-443a-4b81-96ae-f915a736c065/resourceGroups/onprem-vnet-rg/providers/Microsoft.Network/virtualNetworks/onprem-vnet/subnets/mgmt",
            "network_security_group_id": "/subscriptions/26e1cfc4-443a-4b81-96ae-f915a736c065/resourceGroups/onprem-vnet-rg/providers/Microsoft.Network/networkSecurityGroups/onprem-nsg",
            "subnet_id": "/subscriptions/26e1cfc4-443a-4b81-96ae-f915a736c065/resourceGroups/onprem-vnet-rg/providers/Microsoft.Network/virtualNetworks/onprem-vnet/subnets/mgmt",
            "timeouts": null
          },
          "private": "eyJlMmJmYjczMC1lY2FhLTExZTYtOGY4OC0zNDM2M2JjN2M0YzAiOnsiY3JlYXRlIjoxODAwMDAwMDAwMDAwLCJkZWxldGUiOjE4MDAwMDAwMDAwMDAsInJlYWQiOjMwMDAwMDAwMDAwMCwidXBkYXRlIjoxODAwMDAwMDAwMDAwfX0=",
          "dependencies": [
            "azurerm_network_security_group.onprem-nsg",
            "azurerm_resource_group.onprem-vnet-rg",
            "azurerm_subnet.onprem-mgmt",
            "azurerm_virtual_network.onprem-vnet"
          ]
        }
      ]
    },
    {
      "mode": "managed",
      "type": "azurerm_virtual_machine",
      "name": "hub-vm",
      "provider": "provider[\"registry.terraform.io/hashicorp/azurerm\"]",
      "instances": [
        {
          "schema_version": 0,
          "attributes": {
            "additional_capabilities": [],
            "availability_set_id": null,
            "boot_diagnostics": [],
            "delete_data_disks_on_termination": false,
            "delete_os_disk_on_termination": false,
            "id": "/subscriptions/26e1cfc4-443a-4b81-96ae-f915a736c065/resourceGroups/hub-vnet-rg/providers/Microsoft.Compute/virtualMachines/hub-vm",
            "identity": [],
            "license_type": null,
            "location": "centralus",
            "name": "hub-vm",
            "network_interface_ids": [
              "/subscriptions/26e1cfc4-443a-4b81-96ae-f915a736c065/resourceGroups/hub-vnet-rg/providers/Microsoft.Network/networkInterfaces/hub-nic"
            ],
            "os_profile": [
              {
                "admin_password": "",
                "admin_username": "testadmin",
                "computer_name": "hub-vm",
                "custom_data": ""
              }
            ],
            "os_profile_linux_config": [
              {
                "disable_password_authentication": false,
                "ssh_keys": []
              }
            ],
            "os_profile_secrets": [],
            "os_profile_windows_config": [],
            "plan": [],
            "primary_network_interface_id": null,
            "proximity_placement_group_id": null,
            "resource_group_name": "hub-vnet-rg",
            "storage_data_disk": [],
            "storage_image_reference": [
              {
                "id": "",
                "offer": "UbuntuServer",
                "publisher": "Canonical",
                "sku": "16.04-LTS",
                "version": "latest"
              }
            ],
            "storage_os_disk": [
              {
                "caching": "ReadWrite",
                "create_option": "FromImage",
                "disk_size_gb": 30,
                "image_uri": "",
                "managed_disk_id": "/subscriptions/26e1cfc4-443a-4b81-96ae-f915a736c065/resourceGroups/HUB-VNET-RG/providers/Microsoft.Compute/disks/myosdisk1",
                "managed_disk_type": "Standard_LRS",
                "name": "myosdisk1",
                "os_type": "Linux",
                "vhd_uri": "",
                "write_accelerator_enabled": false
              }
            ],
            "tags": {
              "environment": "hub"
            },
            "timeouts": null,
            "vm_size": "Standard_DS1_v2",
            "zones": null
          },
          "private": "eyJlMmJmYjczMC1lY2FhLTExZTYtOGY4OC0zNDM2M2JjN2M0YzAiOnsiY3JlYXRlIjozNjAwMDAwMDAwMDAwLCJkZWxldGUiOjM2MDAwMDAwMDAwMDAsInJlYWQiOjMwMDAwMDAwMDAwMCwidXBkYXRlIjozNjAwMDAwMDAwMDAwfX0=",
          "dependencies": [
            "azurerm_network_interface.hub-nic",
            "azurerm_resource_group.hub-vnet-rg",
            "azurerm_subnet.hub-mgmt",
            "azurerm_virtual_network.hub-vnet"
          ]
        }
      ]
    },
    {
      "mode": "managed",
      "type": "azurerm_virtual_machine",
      "name": "onprem-vm",
      "provider": "provider[\"registry.terraform.io/hashicorp/azurerm\"]",
      "instances": [
        {
          "schema_version": 0,
          "attributes": {
            "additional_capabilities": [],
            "availability_set_id": null,
            "boot_diagnostics": [],
            "delete_data_disks_on_termination": false,
            "delete_os_disk_on_termination": false,
            "id": "/subscriptions/26e1cfc4-443a-4b81-96ae-f915a736c065/resourceGroups/onprem-vnet-rg/providers/Microsoft.Compute/virtualMachines/onprem-vm",
            "identity": [],
            "license_type": null,
            "location": "southcentralus",
            "name": "onprem-vm",
            "network_interface_ids": [
              "/subscriptions/26e1cfc4-443a-4b81-96ae-f915a736c065/resourceGroups/onprem-vnet-rg/providers/Microsoft.Network/networkInterfaces/onprem-nic"
            ],
            "os_profile": [
              {
                "admin_password": "",
                "admin_username": "testadmin",
                "computer_name": "onprem-vm",
                "custom_data": ""
              }
            ],
            "os_profile_linux_config": [
              {
                "disable_password_authentication": false,
                "ssh_keys": []
              }
            ],
            "os_profile_secrets": [],
            "os_profile_windows_config": [],
            "plan": [],
            "primary_network_interface_id": null,
            "proximity_placement_group_id": null,
            "resource_group_name": "onprem-vnet-rg",
            "storage_data_disk": [],
            "storage_image_reference": [
              {
                "id": "",
                "offer": "UbuntuServer",
                "publisher": "Canonical",
                "sku": "16.04-LTS",
                "version": "latest"
              }
            ],
            "storage_os_disk": [
              {
                "caching": "ReadWrite",
                "create_option": "FromImage",
                "disk_size_gb": 30,
                "image_uri": "",
                "managed_disk_id": "/subscriptions/26e1cfc4-443a-4b81-96ae-f915a736c065/resourceGroups/ONPREM-VNET-RG/providers/Microsoft.Compute/disks/myosdisk1",
                "managed_disk_type": "Standard_LRS",
                "name": "myosdisk1",
                "os_type": "Linux",
                "vhd_uri": "",
                "write_accelerator_enabled": false
              }
            ],
            "tags": {
              "environment": "onprem"
            },
            "timeouts": null,
            "vm_size": "Standard_DS1_v2",
            "zones": []
          },
          "private": "eyJlMmJmYjczMC1lY2FhLTExZTYtOGY4OC0zNDM2M2JjN2M0YzAiOnsiY3JlYXRlIjozNjAwMDAwMDAwMDAwLCJkZWxldGUiOjM2MDAwMDAwMDAwMDAsInJlYWQiOjMwMDAwMDAwMDAwMCwidXBkYXRlIjozNjAwMDAwMDAwMDAwfX0=",
          "dependencies": [
            "azurerm_network_interface.onprem-nic",
            "azurerm_public_ip.onprem-pip",
            "azurerm_resource_group.onprem-vnet-rg",
            "azurerm_subnet.onprem-mgmt",
            "azurerm_virtual_network.onprem-vnet"
          ]
        }
      ]
    },
    {
      "mode": "managed",
      "type": "azurerm_virtual_network",
      "name": "hub-vnet",
      "provider": "provider[\"registry.terraform.io/hashicorp/azurerm\"]",
      "instances": [
        {
          "schema_version": 0,
          "attributes": {
            "address_space": [
              "10.0.0.0/16"
            ],
            "ddos_protection_plan": [],
            "dns_servers": null,
            "guid": "54e642e2-6297-4c11-98ee-3dfee90ee990",
            "id": "/subscriptions/26e1cfc4-443a-4b81-96ae-f915a736c065/resourceGroups/hub-vnet-rg/providers/Microsoft.Network/virtualNetworks/hub-vnet",
            "location": "centralus",
            "name": "hub-vnet",
            "resource_group_name": "hub-vnet-rg",
            "subnet": [],
            "tags": {
              "environment": "hub-spoke"
            },
            "timeouts": null
          },
          "private": "eyJlMmJmYjczMC1lY2FhLTExZTYtOGY4OC0zNDM2M2JjN2M0YzAiOnsiY3JlYXRlIjoxODAwMDAwMDAwMDAwLCJkZWxldGUiOjE4MDAwMDAwMDAwMDAsInJlYWQiOjMwMDAwMDAwMDAwMCwidXBkYXRlIjoxODAwMDAwMDAwMDAwfX0=",
          "dependencies": [
            "azurerm_resource_group.hub-vnet-rg"
          ]
        }
      ]
    },
    {
      "mode": "managed",
      "type": "azurerm_virtual_network",
      "name": "onprem-vnet",
      "provider": "provider[\"registry.terraform.io/hashicorp/azurerm\"]",
      "instances": [
        {
          "schema_version": 0,
          "attributes": {
            "address_space": [
              "192.168.0.0/16"
            ],
            "ddos_protection_plan": [],
            "dns_servers": [],
            "guid": "4d0ac91d-002e-47cb-9059-6e757f4381cd",
            "id": "/subscriptions/26e1cfc4-443a-4b81-96ae-f915a736c065/resourceGroups/onprem-vnet-rg/providers/Microsoft.Network/virtualNetworks/onprem-vnet",
            "location": "southcentralus",
            "name": "onprem-vnet",
            "resource_group_name": "onprem-vnet-rg",
            "subnet": [
              {
                "address_prefix": "192.168.1.128/25",
                "id": "/subscriptions/26e1cfc4-443a-4b81-96ae-f915a736c065/resourceGroups/onprem-vnet-rg/providers/Microsoft.Network/virtualNetworks/onprem-vnet/subnets/mgmt",
                "name": "mgmt",
                "security_group": "/subscriptions/26e1cfc4-443a-4b81-96ae-f915a736c065/resourceGroups/onprem-vnet-rg/providers/Microsoft.Network/networkSecurityGroups/onprem-nsg"
              },
              {
                "address_prefix": "192.168.255.224/27",
                "id": "/subscriptions/26e1cfc4-443a-4b81-96ae-f915a736c065/resourceGroups/onprem-vnet-rg/providers/Microsoft.Network/virtualNetworks/onprem-vnet/subnets/GatewaySubnet",
                "name": "GatewaySubnet",
                "security_group": ""
              }
            ],
            "tags": {
              "environment": "onprem"
            },
            "timeouts": null
          },
          "private": "eyJlMmJmYjczMC1lY2FhLTExZTYtOGY4OC0zNDM2M2JjN2M0YzAiOnsiY3JlYXRlIjoxODAwMDAwMDAwMDAwLCJkZWxldGUiOjE4MDAwMDAwMDAwMDAsInJlYWQiOjMwMDAwMDAwMDAwMCwidXBkYXRlIjoxODAwMDAwMDAwMDAwfX0=",
          "dependencies": [
            "azurerm_resource_group.onprem-vnet-rg"
          ]
        }
      ]
    },
    {
      "mode": "managed",
      "type": "azurerm_virtual_network_gateway",
      "name": "onprem-vpn-gateway",
      "provider": "provider[\"registry.terraform.io/hashicorp/azurerm\"]",
      "instances": [
        {
          "schema_version": 0,
          "attributes": {
            "active_active": false,
            "bgp_settings": [
              {
                "asn": 65515,
                "peer_weight": 0,
                "peering_address": "192.168.255.254"
              }
            ],
            "default_local_network_gateway_id": null,
            "enable_bgp": false,
            "generation": "Generation1",
            "id": "/subscriptions/26e1cfc4-443a-4b81-96ae-f915a736c065/resourceGroups/onprem-vnet-rg/providers/Microsoft.Network/virtualNetworkGateways/onprem-vpn-gateway1",
            "ip_configuration": [
              {
                "name": "vnetGatewayConfig",
                "private_ip_address_allocation": "Dynamic",
                "public_ip_address_id": "/subscriptions/26e1cfc4-443a-4b81-96ae-f915a736c065/resourceGroups/onprem-vnet-rg/providers/Microsoft.Network/publicIPAddresses/onprem-vpn-gateway1-pip",
                "subnet_id": "/subscriptions/26e1cfc4-443a-4b81-96ae-f915a736c065/resourceGroups/onprem-vnet-rg/providers/Microsoft.Network/virtualNetworks/onprem-vnet/subnets/GatewaySubnet"
              }
            ],
            "location": "southcentralus",
            "name": "onprem-vpn-gateway1",
            "resource_group_name": "onprem-vnet-rg",
            "sku": "VpnGw1",
            "tags": {},
            "timeouts": null,
            "type": "Vpn",
            "vpn_client_configuration": [],
            "vpn_type": "RouteBased"
          },
          "private": "eyJlMmJmYjczMC1lY2FhLTExZTYtOGY4OC0zNDM2M2JjN2M0YzAiOnsiY3JlYXRlIjozNjAwMDAwMDAwMDAwLCJkZWxldGUiOjM2MDAwMDAwMDAwMDAsInJlYWQiOjMwMDAwMDAwMDAwMCwidXBkYXRlIjozNjAwMDAwMDAwMDAwfX0=",
          "dependencies": [
            "azurerm_public_ip.onprem-vpn-gateway1-pip",
            "azurerm_resource_group.onprem-vnet-rg",
            "azurerm_subnet.onprem-gateway-subnet",
            "azurerm_virtual_network.onprem-vnet"
          ]
        }
      ]
    },
    {
      "mode": "managed",
      "type": "azurerm_virtual_network_gateway_connection",
      "name": "hub-onprem-conn",
      "provider": "provider[\"registry.terraform.io/hashicorp/azurerm\"]",
      "instances": []
    },
    {
      "mode": "managed",
      "type": "azurerm_virtual_network_gateway_connection",
      "name": "onprem-hub-conn",
      "provider": "provider[\"registry.terraform.io/hashicorp/azurerm\"]",
      "instances": []
    }
  ]
}
